
Microsoft Visual Studio Solution File, Format Version 12.00
# Visual Studio Version 17
VisualStudioVersion = 17.5.33502.453
MinimumVisualStudioVersion = 10.0.40219.1
Project("{2150E333-8FDC-42A3-9474-1A3956D46DE8}") = "Internal", "Internal", "{AA7A2700-9D31-4FDE-84F3-F2F7CF033A81}"
EndProject
Project("{2150E333-8FDC-42A3-9474-1A3956D46DE8}") = "Scripts", "Scripts", "{18EC6177-A2C7-423E-B30E-B6B88FB2A0B6}"
EndProject
Project("{2150E333-8FDC-42A3-9474-1A3956D46DE8}") = "Dlls", "Dlls", "{29EC5159-7744-4C4F-81B0-D79CF509900B}"
	ProjectSection(SolutionItems) = preProject
		Dlls\readme.txt = Dlls\readme.txt
	EndProjectSection
EndProject
Project("{2150E333-8FDC-42A3-9474-1A3956D46DE8}") = "Documentation", "Documentation", "{E93BD809-5081-47CB-BD61-23FBFB4264E3}"
	ProjectSection(SolutionItems) = preProject
		Documentation\readme.txt = Documentation\readme.txt
	EndProjectSection
EndProject
Project("{2150E333-8FDC-42A3-9474-1A3956D46DE8}") = "Code Analysis", "Code Analysis", "{0D27B216-578C-4C68-AAA9-78538812E8B6}"
	ProjectSection(SolutionItems) = preProject
		Internal\Code Analysis\qaction-debug.ruleset = Internal\Code Analysis\qaction-debug.ruleset
		Internal\Code Analysis\qaction-release.ruleset = Internal\Code Analysis\qaction-release.ruleset
	EndProjectSection
EndProject
Project("{2150E333-8FDC-42A3-9474-1A3956D46DE8}") = "EmpowerDemo", "EmpowerDemo", "{871CCAF9-5494-497C-ABE8-68CF789A8895}"
	ProjectSection(SolutionItems) = preProject
		EmpowerDemo.xml = EmpowerDemo.xml
	EndProjectSection
EndProject
Project("{2150E333-8FDC-42A3-9474-1A3956D46DE8}") = "Actions", "Actions", "{72C3B737-E5F8-4E17-B806-81D6B20C41ED}"
EndProject
Project("{FAE04EC0-301F-11D3-BF4B-00C04F79EFBC}") = "EmpowerDemo_1", "EmpowerDemo_1\EmpowerDemo_1.csproj", "{F611354B-2317-4236-80A4-831C47332475}"
EndProject
Global
	GlobalSection(SolutionConfigurationPlatforms) = preSolution
		Debug|Any CPU = Debug|Any CPU
		Release|Any CPU = Release|Any CPU
	EndGlobalSection
	GlobalSection(ProjectConfigurationPlatforms) = postSolution
		{F611354B-2317-4236-80A4-831C47332475}.Debug|Any CPU.ActiveCfg = Debug|Any CPU
		{F611354B-2317-4236-80A4-831C47332475}.Debug|Any CPU.Build.0 = Debug|Any CPU
		{F611354B-2317-4236-80A4-831C47332475}.Release|Any CPU.ActiveCfg = Release|Any CPU
		{F611354B-2317-4236-80A4-831C47332475}.Release|Any CPU.Build.0 = Release|Any CPU
	EndGlobalSection
	GlobalSection(SolutionProperties) = preSolution
		HideSolutionNode = FALSE
	EndGlobalSection
	GlobalSection(NestedProjects) = preSolution
		{0D27B216-578C-4C68-AAA9-78538812E8B6} = {AA7A2700-9D31-4FDE-84F3-F2F7CF033A81}
		{871CCAF9-5494-497C-ABE8-68CF789A8895} = {18EC6177-A2C7-423E-B30E-B6B88FB2A0B6}
		{72C3B737-E5F8-4E17-B806-81D6B20C41ED} = {871CCAF9-5494-497C-ABE8-68CF789A8895}
		{F611354B-2317-4236-80A4-831C47332475} = {72C3B737-E5F8-4E17-B806-81D6B20C41ED}
	EndGlobalSection
	GlobalSection(ExtensibilityGlobals) = postSolution
		SolutionGuid = {084F708A-F4A7-44A4-8989-4E63F6889E9C}
	EndGlobalSection
EndGlobal
